{
  "name": "pirounakia",
  "version": "1.0.0",
  "lockfileVersion": 1,
  "requires": true,
  "dependencies": {
    "bootstrap": {
      "version": "4.0.0",
      "resolved": "https://registry.npmjs.org/bootstrap/-/bootstrap-4.0.0.tgz",
      "integrity": "sha512-gulJE5dGFo6Q61V/whS6VM4WIyrlydXfCgkE+Gxe5hjrJ8rXLLZlALq7zq2RPhOc45PSwQpJkrTnc2KgD6cvmA=="
    },
    "datatables.net": {
      "version": "1.10.16",
      "resolved": "https://registry.npmjs.org/datatables.net/-/datatables.net-1.10.16.tgz",
      "integrity": "sha1-SwUtEIKCQmG2ju2dInQbcR09JGk=",
      "requires": {
        "jquery": "3.2.1"
      }
    },
    "datatables.net-dt": {
      "version": "1.10.16",
      "resolved": "https://registry.npmjs.org/datatables.net-dt/-/datatables.net-dt-1.10.16.tgz",
      "integrity": "sha1-Z1ijCPueX5Yp+2VBzDAeSOyexVU=",
      "requires": {
        "datatables.net": "1.10.16",
        "jquery": "3.2.1"
      }
    },
    "flatpickr": {
      "version": "4.5.0",
      "resolved": "https://registry.npmjs.org/flatpickr/-/flatpickr-4.5.0.tgz",
      "integrity": "sha512-7AfaM2BVyQmFW4uBpzgoNeRUr6EZlvEh4Pnj298rEsHBq8LIZnPgRaesLORir7dATETUvoLkhrfXZdmNssma+A=="
    },
    "font-awesome": {
      "version": "4.7.0",
      "resolved": "https://registry.npmjs.org/font-awesome/-/font-awesome-4.7.0.tgz",
      "integrity": "sha1-j6jPBBGhoxr9B7BtKQK7n8gVoTM="
    },
    "jquery": {
      "version": "3.2.1",
      "resolved": "https://registry.npmjs.org/jquery/-/jquery-3.2.1.tgz",
      "integrity": "sha1-XE2d5lKvbNCncBVKYxu6ErAVx4c="
    },
    "jquery.easing": {
      "version": "1.4.1",
      "resolved": "https://registry.npmjs.org/jquery.easing/-/jquery.easing-1.4.1.tgz",
      "integrity": "sha1-R5gsWDa9dY/UhJSSPEoQHvbpPjs="
    },
    "magnific-popup": {
      "version": "1.1.0",
      "resolved": "https://registry.npmjs.org/magnific-popup/-/magnific-popup-1.1.0.tgz",
      "integrity": "sha1-PnNixb0Y9nhf6Z5Z0BPiCvM9MEk="
    },
    "popper.js": {
      "version": "1.14.1",
      "resolved": "https://registry.npmjs.org/popper.js/-/popper.js-1.14.1.tgz",
      "integrity": "sha1-uIFeXNpvYvwgQuR2GGSfdYZuZ1M="
    },
    "scrollreveal": {
      "version": "3.4.0",
      "resolved": "https://registry.npmjs.org/scrollreveal/-/scrollreveal-3.4.0.tgz",
      "integrity": "sha512-clyIvaRqSsuU8kn3kg/7JhBdLfw9knUccUbyoZCqtSDb870XOqT58CKpS9IMnqw8AwFvHiFVfyhU9XP/GpiY5w=="
    },
    "toastr": {
      "version": "2.1.4",
      "resolved": "https://registry.npmjs.org/toastr/-/toastr-2.1.4.tgz",
      "integrity": "sha1-i0O+ZPudDEFIcURvLbjoyk6V8YE=",
      "requires": {
        "jquery": "3.2.1"
      }
    }
  }
}
